PODS:
  - MRProgress/ActivityIndicator (0.8.0):
    - MRProgress/Stopable
  - MRProgress/Helper (0.8.0)
  - MRProgress/Stopable (0.8.0):
    - MRProgress/Helper

DEPENDENCIES:
  - MRProgress/ActivityIndicator (~> 0.8)

SPEC CHECKSUMS:
  MRProgress: 2b65d6ec30a5d08b55efd3ceb3e714a5c6c9a28b

COCOAPODS: 0.34.4
